
Microsoft Visual Studio Solution File, Format Version 12.00
# Visual Studio Version 16
VisualStudioVersion = 16.0.28711.60
MinimumVisualStudioVersion = 10.0.40219.1
Project("{FAE04EC0-301F-11D3-BF4B-00C04F79EFBC}") = "TestZsmopl", "TestZsmopl.csproj", "{798FE493-E9A1-4919-955C-7817DE1AF896}"
EndProject
Project("{FAE04EC0-301F-11D3-BF4B-00C04F79EFBC}") = "ZsmoplWssBuilder", "ZsmoplWssBuilder\ZsmoplWssBuilder\ZsmoplWssBuilder.csproj", "{2C26FD7B-0917-48EF-A736-6DEEB85D8B74}"
EndProject
Project("{FAE04EC0-301F-11D3-BF4B-00C04F79EFBC}") = "Gabos.Zsmolp.Client", "..\Gabos.Zsmolp.Client\Gabos.Zsmolp.Client.csproj", "{3F739210-B5BF-4014-8C95-C4D0A3FD4E59}"
EndProject
Global
	GlobalSection(SolutionConfigurationPlatforms) = preSolution
		Debug|Any CPU = Debug|Any CPU
		Release|Any CPU = Release|Any CPU
	EndGlobalSection
	GlobalSection(ProjectConfigurationPlatforms) = postSolution
		{798FE493-E9A1-4919-955C-7817DE1AF896}.Debug|Any CPU.ActiveCfg = Debug|Any CPU
		{798FE493-E9A1-4919-955C-7817DE1AF896}.Debug|Any CPU.Build.0 = Debug|Any CPU
		{798FE493-E9A1-4919-955C-7817DE1AF896}.Release|Any CPU.ActiveCfg = Release|Any CPU
		{798FE493-E9A1-4919-955C-7817DE1AF896}.Release|Any CPU.Build.0 = Release|Any CPU
		{2C26FD7B-0917-48EF-A736-6DEEB85D8B74}.Debug|Any CPU.ActiveCfg = Debug|Any CPU
		{2C26FD7B-0917-48EF-A736-6DEEB85D8B74}.Debug|Any CPU.Build.0 = Debug|Any CPU
		{2C26FD7B-0917-48EF-A736-6DEEB85D8B74}.Release|Any CPU.ActiveCfg = Release|Any CPU
		{2C26FD7B-0917-48EF-A736-6DEEB85D8B74}.Release|Any CPU.Build.0 = Release|Any CPU
		{3F739210-B5BF-4014-8C95-C4D0A3FD4E59}.Debug|Any CPU.ActiveCfg = Debug|Any CPU
		{3F739210-B5BF-4014-8C95-C4D0A3FD4E59}.Debug|Any CPU.Build.0 = Debug|Any CPU
		{3F739210-B5BF-4014-8C95-C4D0A3FD4E59}.Release|Any CPU.ActiveCfg = Release|Any CPU
		{3F739210-B5BF-4014-8C95-C4D0A3FD4E59}.Release|Any CPU.Build.0 = Release|Any CPU
	EndGlobalSection
	GlobalSection(SolutionProperties) = preSolution
		HideSolutionNode = FALSE
	EndGlobalSection
	GlobalSection(ExtensibilityGlobals) = postSolution
		SolutionGuid = {822CA198-8CB3-441B-A02D-7787B5FC24F6}
	EndGlobalSection
EndGlobal
