
Microsoft Visual Studio Solution File, Format Version 12.00
# Visual Studio 15
VisualStudioVersion = 15.0.28307.438
MinimumVisualStudioVersion = 10.0.40219.1
Project("{FAE04EC0-301F-11D3-BF4B-00C04F79EFBC}") = "ZsmoplWssBuilder", "ZsmoplWssBuilder\ZsmoplWssBuilder.csproj", "{2C26FD7B-0917-48EF-A736-6DEEB85D8B74}"
EndProject
Global
	GlobalSection(SolutionConfigurationPlatforms) = preSolution
		Debug|Any CPU = Debug|Any CPU
		Release|Any CPU = Release|Any CPU
	EndGlobalSection
	GlobalSection(ProjectConfigurationPlatforms) = postSolution
		{2C26FD7B-0917-48EF-A736-6DEEB85D8B74}.Debug|Any CPU.ActiveCfg = Debug|Any CPU
		{2C26FD7B-0917-48EF-A736-6DEEB85D8B74}.Debug|Any CPU.Build.0 = Debug|Any CPU
		{2C26FD7B-0917-48EF-A736-6DEEB85D8B74}.Release|Any CPU.ActiveCfg = Release|Any CPU
		{2C26FD7B-0917-48EF-A736-6DEEB85D8B74}.Release|Any CPU.Build.0 = Release|Any CPU
	EndGlobalSection
	GlobalSection(SolutionProperties) = preSolution
		HideSolutionNode = FALSE
	EndGlobalSection
	GlobalSection(ExtensibilityGlobals) = postSolution
		SolutionGuid = {F83141BF-1342-4393-9223-0E7A7C3B1BA5}
	EndGlobalSection
EndGlobal
